PODS:
  - AppCenter (3.1.1):
    - AppCenter/Analytics (= 3.1.1)
    - AppCenter/Crashes (= 3.1.1)
  - AppCenter/Analytics (3.1.1):
    - AppCenter/Core
  - AppCenter/Core (3.1.1)
  - AppCenter/Crashes (3.1.1):
    - AppCenter/Core
  - AppCenter/Distribute (3.1.1):
    - AppCenter/Core
  - Colours (5.13.0):
    - Colours/ObjC (= 5.13.0)
  - Colours/ObjC (5.13.0)
  - DHSmartScreenshot (1.3.1)
  - JTAppleCalendar (8.0.3)
  - NumericPicker (1.1.1)
  - R.swift (5.2.2):
    - R.swift.Library (~> 5.2.0)
  - R.swift.Library (5.2.0)
  - XJYChart (2.5.0):
    - Colours (= 5.13.0)

DEPENDENCIES:
  - AppCenter
  - AppCenter/Distribute
  - DHSmartScreenshot (= 1.3.1)
  - JTAppleCalendar
  - NumericPicker
  - R.swift
  - XJYChart (= 2.5.0)

SPEC REPOS:
  trunk:
    - AppCenter
    - Colours
    - DHSmartScreenshot
    - JTAppleCalendar
    - NumericPicker
    - R.swift
    - R.swift.Library
    - XJYChart

SPEC CHECKSUMS:
  AppCenter: 513d32888854d67d8cfbd3a8db16aeb5fb2e2a75
  Colours: f24220c38f13deac88612667e9b4a7fb96b871d4
  DHSmartScreenshot: ee749048bd7126c4826748f98df3a4adc6ad6c78
  JTAppleCalendar: 932cadea40b1051beab10f67843451d48ba16c99
  NumericPicker: b94d35ab3111d1ab38d7c2d3f1ca262846eb43ab
  R.swift: 7c52cdc57a66840ffe6cbd8a823d732059d42a32
  R.swift.Library: 5ba4f1631300caf9a4d890186930da85d540769d
  XJYChart: ce3180be5e67b107c25f523e279ed5eb8dae1c34

PODFILE CHECKSUM: 3011d1bce903e79ae0dffeee836df8105c684105

COCOAPODS: 1.11.2
